{
  "requires": true,
  "lockfileVersion": 1,
  "dependencies": {
    "@babel/runtime": {
      "version": "7.12.1",
      "resolved": "https://registry.npmjs.org/@babel/runtime/-/runtime-7.12.1.tgz",
      "integrity": "sha512-J5AIf3vPj3UwXaAzb5j1xM4WAQDX3EMgemF8rjCP3SoW09LfRKAXQKt6CoVYl230P6iWdRcBbnLDDdnqWxZSCA==",
      "requires": {
        "regenerator-runtime": "^0.13.4"
      }
    },
    "@fluentui/react-component-event-listener": {
      "version": "0.51.2",
      "resolved": "https://registry.npmjs.org/@fluentui/react-component-event-listener/-/react-component-event-listener-0.51.2.tgz",
      "integrity": "sha512-myfDuwU/MRGH5hqldLmwfMAn7FoXCCspdknWg+A0Tyf+mjUsgWlqRewLapon8mJqprZzrH1obPxONV/lVI3Quw==",
      "requires": {
        "@babel/runtime": "^7.10.4"
      }
    },
    "@fluentui/react-component-ref": {
      "version": "0.51.2",
      "resolved": "https://registry.npmjs.org/@fluentui/react-component-ref/-/react-component-ref-0.51.2.tgz",
      "integrity": "sha512-LE3NXMHJ5K2ZgTf+p/l4cDRYwmfXTw1XhjZLBI0sZaggbaUxMgrfvr0DHvkcZrbr3aLMaILYoQrTjP9Y1w0veA==",
      "requires": {
        "@babel/runtime": "^7.10.4",
        "react-is": "^16.6.3"
      }
    },
    "@popperjs/core": {
      "version": "2.5.3",
      "resolved": "https://registry.npmjs.org/@popperjs/core/-/core-2.5.3.tgz",
      "integrity": "sha512-RFwCobxsvZ6j7twS7dHIZQZituMIDJJNHS/qY6iuthVebxS3zhRY+jaC2roEKiAYaVuTcGmX6Luc6YBcf6zJVg=="
    },
    "@semantic-ui-react/event-stack": {
      "version": "3.1.1",
      "resolved": "https://registry.npmjs.org/@semantic-ui-react/event-stack/-/event-stack-3.1.1.tgz",
      "integrity": "sha512-SA7VOu/tY3OkooR++mm9voeQrJpYXjJaMHO1aFCcSouS2xhqMR9Gnz0LEGLOR0h9ueWPBKaQzKIrx3FTTJZmUQ==",
      "requires": {
        "exenv": "^1.2.2",
        "prop-types": "^15.6.2"
      }
    },
    "@types/jquery": {
      "version": "3.5.3",
      "resolved": "https://registry.npmjs.org/@types/jquery/-/jquery-3.5.3.tgz",
      "integrity": "sha512-IENpHTjGksr2wQS6ZO8eMIE0tIB22Ywg+n3/yAWCa56VSZ26phcwAbFdh9+VNUWk7e83qB27QLax3Rf4G92Y9A==",
      "requires": {
        "@types/sizzle": "*"
      }
    },
    "@types/semantic-ui": {
      "version": "2.2.7",
      "resolved": "https://registry.npmjs.org/@types/semantic-ui/-/semantic-ui-2.2.7.tgz",
      "integrity": "sha512-Uj6rby2GnuVyO7pj8vgUFsv5eaxb0ktpfasYcB/vXnSAeJ4cRjIOvxka+EoPjw3tPCY4/WlxRss8hsh7kRWzQg==",
      "requires": {
        "@types/jquery": "*",
        "@types/semantic-ui-accordion": "*",
        "@types/semantic-ui-api": "*",
        "@types/semantic-ui-checkbox": "*",
        "@types/semantic-ui-dimmer": "*",
        "@types/semantic-ui-dropdown": "*",
        "@types/semantic-ui-embed": "*",
        "@types/semantic-ui-form": "*",
        "@types/semantic-ui-modal": "*",
        "@types/semantic-ui-nag": "*",
        "@types/semantic-ui-popup": "*",
        "@types/semantic-ui-progress": "*",
        "@types/semantic-ui-rating": "*",
        "@types/semantic-ui-search": "*",
        "@types/semantic-ui-shape": "*",
        "@types/semantic-ui-sidebar": "*",
        "@types/semantic-ui-site": "*",
        "@types/semantic-ui-sticky": "*",
        "@types/semantic-ui-tab": "*",
        "@types/semantic-ui-transition": "*",
        "@types/semantic-ui-visibility": "*"
      }
    },
    "@types/semantic-ui-accordion": {
      "version": "2.2.2",
      "resolved": "https://registry.npmjs.org/@types/semantic-ui-accordion/-/semantic-ui-accordion-2.2.2.tgz",
      "integrity": "sha512-XClXI/20W7iFLQ7eyslZswbdv3A4qWEnFz8JvOylGatCW7biTLVhMBPcN0b17TZ1GeV4V/l3ctmvTEBCHvg8CA==",
      "requires": {
        "@types/jquery": "*"
      }
    },
    "@types/semantic-ui-api": {
      "version": "2.2.4",
      "resolved": "https://registry.npmjs.org/@types/semantic-ui-api/-/semantic-ui-api-2.2.4.tgz",
      "integrity": "sha512-6IvCjZDJ0TVb1EtnNFQPNyVmOZnLGPEKyEAs9G0FF3XuAyyOdtfD4NGHJ0kknnX1FD+++ye0EuSVFDutbwEFWw==",
      "requires": {
        "@types/jquery": "*"
      }
    },
    "@types/semantic-ui-checkbox": {
      "version": "2.2.2",
      "resolved": "https://registry.npmjs.org/@types/semantic-ui-checkbox/-/semantic-ui-checkbox-2.2.2.tgz",
      "integrity": "sha512-ZTAy3yNwOAaoznxsFoR33XopJnyyzAGrLeDpn7hVTkUYm7wgGsgOpRfG2psdM3fIOCkZkkE9IEAp1pLGBifL1g==",
      "requires": {
        "@types/jquery": "*"
      }
    },
    "@types/semantic-ui-dimmer": {
      "version": "2.2.2",
      "resolved": "https://registry.npmjs.org/@types/semantic-ui-dimmer/-/semantic-ui-dimmer-2.2.2.tgz",
      "integrity": "sha512-wK7da/70UJ9AU7Ju2MeOO9sjRPrhU6jf+VvHiTwlaCGm7+ALiJThd88D1iB6ODDQpm+ebjIbQkvAmDSkMpmKlg==",
      "requires": {
        "@types/jquery": "*"
      }
    },
    "@types/semantic-ui-dropdown": {
      "version": "2.2.3",
      "resolved": "https://registry.npmjs.org/@types/semantic-ui-dropdown/-/semantic-ui-dropdown-2.2.3.tgz",
      "integrity": "sha512-y2ZIiEWvFFyLu7+yqNV550U9hs3sfqP7ajLxHEWlGjxGS4NsJmy9In7/UcxnpJB+JkanC4JkyogEN6wRlbqvhw==",
      "requires": {
        "@types/jquery": "*",
        "@types/semantic-ui-api": "*"
      }
    },
    "@types/semantic-ui-embed": {
      "version": "2.2.2",
      "resolved": "https://registry.npmjs.org/@types/semantic-ui-embed/-/semantic-ui-embed-2.2.2.tgz",
      "integrity": "sha512-5sW99BtK2SIBs9/sSM/0vMr6tphPyPXHyClhFX1tJi0L5ZH0wEmf6XcBRZgROe3ueHYVaJ0Pt/zwPQ5SMW0xDg==",
      "requires": {
        "@types/jquery": "*"
      }
    },
    "@types/semantic-ui-form": {
      "version": "2.2.5",
      "resolved": "https://registry.npmjs.org/@types/semantic-ui-form/-/semantic-ui-form-2.2.5.tgz",
      "integrity": "sha512-3ngHIOAREfhxJ8k1zkjoI2O2o7P3xs+ru5akq7/ZJcn5Dhui9UkQ6Huo5f65cmn44vqsfUDWDWWgnrOCCZHEag==",
      "requires": {
        "@types/jquery": "*"
      }
    },
    "@types/semantic-ui-modal": {
      "version": "2.2.3",
      "resolved": "https://registry.npmjs.org/@types/semantic-ui-modal/-/semantic-ui-modal-2.2.3.tgz",
      "integrity": "sha512-Th48BFk1pd4kluFjCUDKn7Aml3xoLdFFK8wFQRz6UsOMdvsXx2OrNkubhjqc79tcBzONC7NszSW2ImslPPHNCg==",
      "requires": {
        "@types/jquery": "*",
        "@types/semantic-ui-dimmer": "*"
      }
    },
    "@types/semantic-ui-nag": {
      "version": "2.2.2",
      "resolved": "https://registry.npmjs.org/@types/semantic-ui-nag/-/semantic-ui-nag-2.2.2.tgz",
      "integrity": "sha512-gqjSFmMLw8vtPa6/Rv/mFBK1mdqaUbLkhUA4CsTDhkibUqnNqpvI/d1XFFLdC/ULu9v7UloMTCndSGKao+q5oA==",
      "requires": {
        "@types/jquery": "*"
      }
    },
    "@types/semantic-ui-popup": {
      "version": "2.2.3",
      "resolved": "https://registry.npmjs.org/@types/semantic-ui-popup/-/semantic-ui-popup-2.2.3.tgz",
      "integrity": "sha512-tw7FXUTAs+GEU939RBpOCVq9H8vYpsr8uYvJC0RUxXCYXCUHsgYzgIIklKoD+xPvUCf34MHnMBwrrTCMJosxGg==",
      "requires": {
        "@types/jquery": "*"
      }
    },
    "@types/semantic-ui-progress": {
      "version": "2.2.3",
      "resolved": "https://registry.npmjs.org/@types/semantic-ui-progress/-/semantic-ui-progress-2.2.3.tgz",
      "integrity": "sha512-gv0i4+/uVbUJnuTzNv2oEqJ8CMQPeAR6K+s2zm1r4waH+8ZQ0SKM1DZ4t3w4gEMxhXqZVlLlyIhfY1SmUI0GuQ==",
      "requires": {
        "@types/jquery": "*"
      }
    },
    "@types/semantic-ui-rating": {
      "version": "2.2.2",
      "resolved": "https://registry.npmjs.org/@types/semantic-ui-rating/-/semantic-ui-rating-2.2.2.tgz",
      "integrity": "sha512-9497T8bEnkadWtQDl5Hno9lviZ2bJjx5rKd/Gfq6PWZ1/4/71LrYdH1DSr+sHYJ5HkaSA0b7GFVCTxi9pEdd6Q==",
      "requires": {
        "@types/jquery": "*"
      }
    },
    "@types/semantic-ui-search": {
      "version": "2.2.3",
      "resolved": "https://registry.npmjs.org/@types/semantic-ui-search/-/semantic-ui-search-2.2.3.tgz",
      "integrity": "sha512-JVrrW9uakXTudNm1MGrkRpirL2vm8NCVtrPyH6zIbBNqi08UPeHY8yxjnFpTPv5sMKBGGhkSn9cYrGz6Cweg2Q==",
      "requires": {
        "@types/jquery": "*",
        "@types/semantic-ui-api": "*"
      }
    },
    "@types/semantic-ui-shape": {
      "version": "2.2.2",
      "resolved": "https://registry.npmjs.org/@types/semantic-ui-shape/-/semantic-ui-shape-2.2.2.tgz",
      "integrity": "sha512-bXaeheuuDY3rAmA5QQRAA0fzMiEkhRgZts5i7w/d1XlMHCVNeHIIAbhTurl3bPwTlbr0NI7T3ZmxH0EKRVdIEg==",
      "requires": {
        "@types/jquery": "*"
      }
    },
    "@types/semantic-ui-sidebar": {
      "version": "2.2.2",
      "resolved": "https://registry.npmjs.org/@types/semantic-ui-sidebar/-/semantic-ui-sidebar-2.2.2.tgz",
      "integrity": "sha512-fm/whmNiyTzQwduc4maV9XjdwVc4pVlkhX5vippW9ukCCkVGY8qBgQKHFYhAHPhe7sCsGIuS+Vpr83t8X7Fg8w==",
      "requires": {
        "@types/jquery": "*"
      }
    },
    "@types/semantic-ui-site": {
      "version": "2.2.2",
      "resolved": "https://registry.npmjs.org/@types/semantic-ui-site/-/semantic-ui-site-2.2.2.tgz",
      "integrity": "sha512-XxwUxqpBLAlPpO7OqAYIdBRsZTmKLXvSzBLczms3JshnoChEZbxtKRYxSxgK93Y4XYCfKnpXQXEF6RIw5FF/mA==",
      "requires": {
        "@types/jquery": "*"
      }
    },
    "@types/semantic-ui-sticky": {
      "version": "2.2.3",
      "resolved": "https://registry.npmjs.org/@types/semantic-ui-sticky/-/semantic-ui-sticky-2.2.3.tgz",
      "integrity": "sha512-HOhd+W75u9Hk0owQXUGdDKpvVhKl/207hueZqTTREZPTmxALAHbl6bHKxnvcJqRerhOFdObQcCFZGL5DEXRtcA==",
      "requires": {
        "@types/jquery": "*"
      }
    },
    "@types/semantic-ui-tab": {
      "version": "2.2.2",
      "resolved": "https://registry.npmjs.org/@types/semantic-ui-tab/-/semantic-ui-tab-2.2.2.tgz",
      "integrity": "sha512-o7a2TJAxjh7pVqRzpQmJd7hTcaDv/tAYJh2Aez5mYiRrFylhzwIrJAcXhSwVRVInPZkc8MDlBPg8Xm+QJ98rLw==",
      "requires": {
        "@types/jquery": "*",
        "@types/semantic-ui-api": "*"
      }
    },
    "@types/semantic-ui-transition": {
      "version": "2.2.2",
      "resolved": "https://registry.npmjs.org/@types/semantic-ui-transition/-/semantic-ui-transition-2.2.2.tgz",
      "integrity": "sha512-wZJICf3qCr+68zPvzTKC9nQJ3mneW+K/K9Y2KphxujWgMCkOQEetDNb5Dbt9YZe92L0SnaPaDgp1KVaKAortdw==",
      "requires": {
        "@types/jquery": "*"
      }
    },
    "@types/semantic-ui-visibility": {
      "version": "2.2.2",
      "resolved": "https://registry.npmjs.org/@types/semantic-ui-visibility/-/semantic-ui-visibility-2.2.2.tgz",
      "integrity": "sha512-3qMvEI5Q7FemNuri6ZpJT4k8DlpxKGb0i3Jvg8EIwsfFMkpEeQDKWL11DZ4QSv83Ynv3XceB5JbropAEbUILVw==",
      "requires": {
        "@types/jquery": "*"
      }
    },
    "@types/sizzle": {
      "version": "2.3.2",
      "resolved": "https://registry.npmjs.org/@types/sizzle/-/sizzle-2.3.2.tgz",
      "integrity": "sha512-7EJYyKTL7tFR8+gDbB6Wwz/arpGa0Mywk1TJbNzKzHtzbwVmY4HR9WqS5VV7dsBUKQmPNr192jHr/VpBluj/hg=="
    },
    "clsx": {
      "version": "1.1.1",
      "resolved": "https://registry.npmjs.org/clsx/-/clsx-1.1.1.tgz",
      "integrity": "sha512-6/bPho624p3S2pMyvP5kKBPXnI3ufHLObBFCfgx+LkeR5lg2XYy2hqZqUf45ypD8COn2bhgGJSUE+l5dhNBieA=="
    },
    "exenv": {
      "version": "1.2.2",
      "resolved": "https://registry.npmjs.org/exenv/-/exenv-1.2.2.tgz",
      "integrity": "sha1-KueOhdmJQVhnCwPUe+wfA72Ru50="
    },
    "jquery": {
      "version": "3.5.1",
      "resolved": "https://registry.npmjs.org/jquery/-/jquery-3.5.1.tgz",
      "integrity": "sha512-XwIBPqcMn57FxfT+Go5pzySnm4KWkT1Tv7gjrpT1srtf8Weynl6R273VJ5GjkRb51IzMp5nbaPjJXMWeju2MKg=="
    },
    "js-tokens": {
      "version": "4.0.0",
      "resolved": "https://registry.npmjs.org/js-tokens/-/js-tokens-4.0.0.tgz",
      "integrity": "sha512-RdJUflcE3cUzKiMqQgsCu06FPu9UdIJO0beYbPhHN4k6apgJtifcoCtT9bcxOpYBtpD2kCM6Sbzg4CausW/PKQ=="
    },
    "keyboard-key": {
      "version": "1.1.0",
      "resolved": "https://registry.npmjs.org/keyboard-key/-/keyboard-key-1.1.0.tgz",
      "integrity": "sha512-qkBzPTi3rlAKvX7k0/ub44sqOfXeLc/jcnGGmj5c7BJpU8eDrEVPyhCvNYAaoubbsLm9uGWwQJO1ytQK1a9/dQ=="
    },
    "lodash": {
      "version": "4.17.20",
      "resolved": "https://registry.npmjs.org/lodash/-/lodash-4.17.20.tgz",
      "integrity": "sha512-PlhdFcillOINfeV7Ni6oF1TAEayyZBoZ8bcshTHqOYJYlrqzRK5hagpagky5o4HfCzzd1TRkXPMFq6cKk9rGmA=="
    },
    "lodash-es": {
      "version": "4.17.15",
      "resolved": "https://registry.npmjs.org/lodash-es/-/lodash-es-4.17.15.tgz",
      "integrity": "sha512-rlrc3yU3+JNOpZ9zj5pQtxnx2THmvRykwL4Xlxoa8I9lHBlVbbyPhgyPMioxVZ4NqyxaVVtaJnzsyOidQIhyyQ=="
    },
    "loose-envify": {
      "version": "1.4.0",
      "resolved": "https://registry.npmjs.org/loose-envify/-/loose-envify-1.4.0.tgz",
      "integrity": "sha512-lyuxPGr/Wfhrlem2CL/UcnUc1zcqKAImBDzukY7Y5F/yQiNdko6+fRLevlw1HgMySw7f611UIY408EtxRSoK3Q==",
      "requires": {
        "js-tokens": "^3.0.0 || ^4.0.0"
      }
    },
    "object-assign": {
      "version": "4.1.1",
      "resolved": "https://registry.npmjs.org/object-assign/-/object-assign-4.1.1.tgz",
      "integrity": "sha1-IQmtx5ZYh8/AXLvUQsrIv7s2CGM="
    },
    "prop-types": {
      "version": "15.7.2",
      "resolved": "https://registry.npmjs.org/prop-types/-/prop-types-15.7.2.tgz",
      "integrity": "sha512-8QQikdH7//R2vurIJSutZ1smHYTcLpRWEOlHnzcWHmBYrOGUysKwSsrC89BCiFj3CbrfJ/nXFdJepOVrY1GCHQ==",
      "requires": {
        "loose-envify": "^1.4.0",
        "object-assign": "^4.1.1",
        "react-is": "^16.8.1"
      }
    },
    "react-fast-compare": {
      "version": "3.2.0",
      "resolved": "https://registry.npmjs.org/react-fast-compare/-/react-fast-compare-3.2.0.tgz",
      "integrity": "sha512-rtGImPZ0YyLrscKI9xTpV8psd6I8VAtjKCzQDlzyDvqJA8XOW78TXYQwNRNd8g8JZnDu8q9Fu/1v4HPAVwVdHA=="
    },
    "react-is": {
      "version": "16.13.1",
      "resolved": "https://registry.npmjs.org/react-is/-/react-is-16.13.1.tgz",
      "integrity": "sha512-24e6ynE2H+OKt4kqsOvNd8kBpV65zoxbA4BVsEOB3ARVWQki/DHzaUoC5KuON/BiccDaCCTZBuOcfZs70kR8bQ=="
    },
    "react-popper": {
      "version": "2.2.3",
      "resolved": "https://registry.npmjs.org/react-popper/-/react-popper-2.2.3.tgz",
      "integrity": "sha512-mOEiMNT1249js0jJvkrOjyHsGvqcJd3aGW/agkiMoZk3bZ1fXN1wQszIQSjHIai48fE67+zwF8Cs+C4fWqlfjw==",
      "requires": {
        "react-fast-compare": "^3.0.1",
        "warning": "^4.0.2"
      }
    },
    "regenerator-runtime": {
      "version": "0.13.7",
      "resolved": "https://registry.npmjs.org/regenerator-runtime/-/regenerator-runtime-0.13.7.tgz",
      "integrity": "sha512-a54FxoJDIr27pgf7IgeQGxmqUNYrcV338lf/6gH456HZ/PhX+5BcwHXG9ajESmwe6WRO0tAzRUrRmNONWgkrew=="
    },
    "semantic-ui-css": {
      "version": "2.4.1",
      "resolved": "https://registry.npmjs.org/semantic-ui-css/-/semantic-ui-css-2.4.1.tgz",
      "integrity": "sha512-Pkp0p9oWOxlH0kODx7qFpIRYpK1T4WJOO4lNnpNPOoWKCrYsfHqYSKgk5fHfQtnWnsAKy7nLJMW02bgDWWFZFg==",
      "requires": {
        "jquery": "x.*"
      }
    },
    "semantic-ui-react": {
      "version": "2.0.0",
      "resolved": "https://registry.npmjs.org/semantic-ui-react/-/semantic-ui-react-2.0.0.tgz",
      "integrity": "sha512-LDik4s+Qbud1SapBdygFfgP5Q1tmmdScuRL1wwxjpDv1TENEwSSX1wDislrsk+HhjYYjkoIB9tt7psD/RAb1CQ==",
      "requires": {
        "@babel/runtime": "^7.10.5",
        "@fluentui/react-component-event-listener": "~0.51.1",
        "@fluentui/react-component-ref": "~0.51.1",
        "@popperjs/core": "^2.5.2",
        "@semantic-ui-react/event-stack": "^3.1.0",
        "clsx": "^1.1.1",
        "keyboard-key": "^1.1.0",
        "lodash": "^4.17.19",
        "lodash-es": "^4.17.15",
        "prop-types": "^15.7.2",
        "react-is": "^16.8.6",
        "react-popper": "^2.2.3",
        "shallowequal": "^1.1.0"
      }
    },
    "shallowequal": {
      "version": "1.1.0",
      "resolved": "https://registry.npmjs.org/shallowequal/-/shallowequal-1.1.0.tgz",
      "integrity": "sha512-y0m1JoUZSlPAjXVtPPW70aZWfIL/dSP7AFkRnniLCrK/8MDKog3TySTBmckD+RObVxH0v4Tox67+F14PdED2oQ=="
    },
    "warning": {
      "version": "4.0.3",
      "resolved": "https://registry.npmjs.org/warning/-/warning-4.0.3.tgz",
      "integrity": "sha512-rpJyN222KWIvHJ/F53XSZv0Zl/accqHR8et1kpaMTD/fLCRxtV8iX8czMzY7sVZupTI3zcUTg8eycS2kNF9l6w==",
      "requires": {
        "loose-envify": "^1.0.0"
      }
    }
  }
}
